
Microsoft Visual Studio Solution File, Format Version 12.00
# Visual Studio Version 16
VisualStudioVersion = 16.0.30611.23
MinimumVisualStudioVersion = 10.0.40219.1
Project("{FAE04EC0-301F-11D3-BF4B-00C04F79EFBC}") = "PeopleList", "PeopleList\PeopleList.csproj", "{F2135657-15BD-45DE-8584-F35D1724412A}"
EndProject
Global
	GlobalSection(SolutionConfigurationPlatforms) = preSolution
		Debug|Any CPU = Debug|Any CPU
		Release|Any CPU = Release|Any CPU
	EndGlobalSection
	GlobalSection(ProjectConfigurationPlatforms) = postSolution
		{F2135657-15BD-45DE-8584-F35D1724412A}.Debug|Any CPU.ActiveCfg = Debug|Any CPU
		{F2135657-15BD-45DE-8584-F35D1724412A}.Debug|Any CPU.Build.0 = Debug|Any CPU
		{F2135657-15BD-45DE-8584-F35D1724412A}.Release|Any CPU.ActiveCfg = Release|Any CPU
		{F2135657-15BD-45DE-8584-F35D1724412A}.Release|Any CPU.Build.0 = Release|Any CPU
	EndGlobalSection
	GlobalSection(SolutionProperties) = preSolution
		HideSolutionNode = FALSE
	EndGlobalSection
	GlobalSection(ExtensibilityGlobals) = postSolution
		SolutionGuid = {D74E18AC-7C76-4B82-AF9E-1EF1E4D6A4B1}
	EndGlobalSection
EndGlobal
